github.com/aws/aws-sdk-go-v2 v1.43.6 h1:RrmFcqCBxkJuf7g1axVo5krB4jM/AO8r5e5oujrgdoQ=
github.com/aws/aws-sdk-go-v2 v1.43.6/go.mod h1:tXpPM+v0D1lndmga+HqqLDIzUFJlEeR21aspVklHF00=
github.com/aws/aws-sdk-go-v2/aws/protocol/eventstream v1.7.18 h1:LAfOuhAH331fmOjTQpAaOlH+Ftn7RzSDJ2VFwjdMMy4=
github.com/aws/aws-sdk-go-v2/aws/protocol/eventstream v1.7.18/go.mod h1:4e5xhuXHx1e4U9EthvbPP1r/DIMp5c2823OL8karzcM=
github.com/aws/aws-sdk-go-v2/config v1.32.30 h1:XwsEzpTJfQYJbFicz/QMLwAZdyeNVVoOEkbF7R3gPJk=
github.com/aws/aws-sdk-go-v2/config v1.32.30/go.mod h1:Ud32SuMc+/9BGxfpSVld7HrE2o05JwKmXY4M3jOQNZU=
github.com/aws/aws-sdk-go-v2/credentials v1.19.29 h1:WHZGssHH887cO0ox07SIQZsFx3MKD4ps6w0xUEmnKYQ=
github.com/aws/aws-sdk-go-v2/credentials v1.19.29/go.mod h1:Mhl0xR6zjguiuj00XRx2wMx22sAltk7oya39sT7fdg8=
github.com/aws/aws-sdk-go-v2/feature/ec2/imds v1.18.30 h1:/hi1JADLEW9YYryEz1w4GQu0EtP23pP553Cf9KgsDV4=
github.com/aws/aws-sdk-go-v2/feature/ec2/imds v1.18.30/go.mod h1:/3AOgy4K17Dm4ucMZVC/MJkzy5kmfKUcINRHZyo0koQ=
github.com/aws/aws-sdk-go-v2/internal/configsources v1.4.37 h1:lznzIOvvbqjfe8UAaciCRJgBgJsxuTROKlhZuXQWfv8=
github.com/aws/aws-sdk-go-v2/internal/configsources v1.4.37/go.mod h1:otfkzyfQeMMLZAqX59GSXTL3o22BR/l6HFaRzzbWSqA=
github.com/aws/aws-sdk-go-v2/internal/endpoints/v2 v2.7.37 h1:zCEORWo0eU0gDjG+IyApE/2B+ZGG1m+GU7B263XV8ds=
github.com/aws/aws-sdk-go-v2/internal/endpoints/v2 v2.7.37/go.mod h1:i6c0PEl3TNOWxRbQ++KQcVenPWS/GoQeiklKhNuqzJ8=
github.com/aws/aws-sdk-go-v2/internal/v4a v1.4.31 h1:3GUprIsfmGcC5SACIyB0e7E0BM1O1b3Erl5CePYIAeQ=
github.com/aws/aws-sdk-go-v2/internal/v4a v1.4.31/go.mod h1:7PuV1yl5e2xnUbm+RqvVg5i2iBM8EyijZNoI9wsOoOc=
github.com/aws/aws-sdk-go-v2/service/acm v1.42.1 h1:88uIv0OndPiipNtWnCOnm31ee0YLIFYq65hggm4AvZk=
github.com/aws/aws-sdk-go-v2/service/acm v1.42.1/go.mod h1:0HVmvx7Fvvqg+fXgDm66ye6/IF0NKccKS+UkuJyRjpI=
github.com/aws/aws-sdk-go-v2/service/apigateway v1.41.1 h1:SmQAXWULLf2Jpuc+QF3snYl26XkSyfGCleXZ02P1TYk=
github.com/aws/aws-sdk-go-v2/service/apigateway v1.41.1/go.mod h1:z2J+G0uyTDXLfbR5i1wct6wpULIqh6YFoeeul9kzcqA=
github.com/aws/aws-sdk-go-v2/service/appsync v1.55.1 h1:dme+fyVJe9r5TqNb4bFsuKyXOEI2WAglnFRTtMTS6jc=
github.com/aws/aws-sdk-go-v2/service/appsync v1.55.1/go.mod h1:zRq7tfgqOsclvS3FjjKcvQRWOmcMfhJgje2F9hkQtZ0=
github.com/aws/aws-sdk-go-v2/service/athena v1.59.1 h1:5ibRBTSUNMX+JRbHkdL0PgR8hfo5fJ1YSm0kgrEE1c0=
github.com/aws/aws-sdk-go-v2/service/athena v1.59.1/go.mod h1:T0Gh/6hdclavTDygr544bGGSbmYYnN7sVcfy8PWDqSo=
github.com/aws/aws-sdk-go-v2/service/cloudfront v1.66.1 h1:dTpBMiQHFK5H/J2NAr/H7cvns0xig8ekIS6I64fZMYM=
github.com/aws/aws-sdk-go-v2/service/cloudfront v1.66.1/go.mod h1:RM8kKDMKT2tymx6ZazxukmFTvuhjcYIuAS3MgdKfEdc=
github.com/aws/aws-sdk-go-v2/service/cloudtrail v1.57.1 h1:5XlIVn2Z60K3GkDz/Ktjtiuy1Ck2xSdcO57ZVjKBojA=
github.com/aws/aws-sdk-go-v2/service/cloudtrail v1.57.1/go.mod h1:WbDasAgg1UxPx3TjF9wsbDKCXTcI4jsB5synkB8CCB8=
github.com/aws/aws-sdk-go-v2/service/cloudwatch v1.63.1 h1:KmShXFvPzgolFsYnnDErV+Sj1/orgDaf4tbz+9N+d78=
github.com/aws/aws-sdk-go-v2/service/cloudwatch v1.63.1/go.mod h1:lipiF9DI3EmTTkEn2sgLug3iEO1dXM50FDFooey6vYU=
github.com/aws/aws-sdk-go-v2/service/cloudwatchlogs v1.82.2 h1:g0Hm/up9LDheflUekqCl19nTJatL6MHyvZHJSXOVyBI=
github.com/aws/aws-sdk-go-v2/service/cloudwatchlogs v1.82.2/go.mod h1:AdyGGib8td8DR+9F5xKLooxlSSoXo4pBVl+FkTpzpNA=
github.com/aws/aws-sdk-go-v2/service/cognitoidentity v1.35.1 h1:Wv1ipxFkMhVv8Va7jwn1qdedYmnQTzRSwxWSKxuCwFg=
github.com/aws/aws-sdk-go-v2/service/cognitoidentity v1.35.1/go.mod h1:vmD/pkq0AWrXzcgT9rfezpi1NqjdhweXfqb73OE3R34=
github.com/aws/aws-sdk-go-v2/service/cognitoidentityprovider v1.67.6 h1:LMLWZIlTGPDb/Kl+1K7gEbNp8HNVMGM9NVxRs/Vcobc=
github.com/aws/aws-sdk-go-v2/service/cognitoidentityprovider v1.67.6/go.mod h1:h0z+nkKAsDqN3DgjSfWyzqVjMkYuwYZl5ulTACdYYVs=
github.com/aws/aws-sdk-go-v2/service/dynamodb v1.60.1 h1:JX6naxruLi55bTc6XGz7t/FK6zBAF/on9P1eBvSdo44=
github.com/aws/aws-sdk-go-v2/service/dynamodb v1.60.1/go.mod h1:HnWoC3m6VmjUSg+kBL6OgQsXdyRAGzBYWb7B3J2f+JM=
github.com/aws/aws-sdk-go-v2/service/dynamodbstreams v1.36.6 h1:UfZHd3ek/txK8upfaOm2b/oNn+P3wPHdfqMWQmkbjuE=
github.com/aws/aws-sdk-go-v2/service/dynamodbstreams v1.36.6/go.mod h1:DyvyvK9RZk8IFy+GlAPCpEKoNoafHnvHQ5Gd8GuiK/I=
github.com/aws/aws-sdk-go-v2/service/ec2 v1.316.1 h1:x3XE3BMK8aUpGx/m4CwmCmxc1LnN6saZujJ5K6pIFXU=
github.com/aws/aws-sdk-go-v2/service/ec2 v1.316.1/go.mod h1:eoF0SIRbTgKWnTcTPYckiURPba/7ilfEkvwL4V1iHK4=
github.com/aws/aws-sdk-go-v2/service/eventbridge v1.47.1 h1:dRpu/A28oj2z+FpfR7v55PrhgG8ewU5doVYdfHbXpRo=
github.com/aws/aws-sdk-go-v2/service/eventbridge v1.47.1/go.mod h1:3g/foYPw/4CT8yV7/A1QsbvnhDZW/2x2uzl4vkqX49o=
github.com/aws/aws-sdk-go-v2/service/iam v1.55.1 h1:4Jil4gopE1JjXR5ns70AoF+CYLAHllTDOaFs6sCg08A=
github.com/aws/aws-sdk-go-v2/service/iam v1.55.1/go.mod h1:5H/UUroHvcKm6l2qaqh3CMM6R9K91ls8Y8rVX6cG3ts=
github.com/aws/aws-sdk-go-v2/service/internal/accept-encoding v1.13.13 h1:mbRIur/BiHK6SKPjoBIXSE/hJ6g6JGRLuxQy1jGjlN4=
github.com/aws/aws-sdk-go-v2/service/internal/accept-encoding v1.13.13/go.mod h1:ITg9em2KbJx1s0y4aqRX5OYWG6HBZ5TVR//OdpEZ2CQ=
github.com/aws/aws-sdk-go-v2/service/internal/checksum v1.9.23 h1:9Fjh6fi/U5JEStVZijmaMpUwE/gvBJj7x2B/PjbO9To=
github.com/aws/aws-sdk-go-v2/service/internal/checksum v1.9.23/go.mod h1:iMoT2f1tClxrWAAnKCXjZQ6LOmfLrMG14wmnWpM+F14=
github.com/aws/aws-sdk-go-v2/service/internal/endpoint-discovery v1.12.7 h1:uqsKxr7kJp9DXVj2m8KbVeZcYMuwsNEwvoVrYl2Vpf8=
github.com/aws/aws-sdk-go-v2/service/internal/endpoint-discovery v1.12.7/go.mod h1:Js/P8Zbwe1mRejnD+OpFLyQiJ8ioQlo3GMAg7Dfxk7w=
github.com/aws/aws-sdk-go-v2/service/internal/presigned-url v1.13.30 h1:/Z5jmNrKsSD7EmDjzAPsm/3L9IuOkzaynklJZ1qX7S4=
github.com/aws/aws-sdk-go-v2/service/internal/presigned-url v1.13.30/go.mod h1:lEzEZnOosE7zi8Z6royW1cFJTD9fpab4Ul1SBrllewk=
github.com/aws/aws-sdk-go-v2/service/internal/s3shared v1.19.31 h1:uao4A3QZ5UmB326V6KF+qRpv9Tjz7IlnlnTbbANntlU=
github.com/aws/aws-sdk-go-v2/service/internal/s3shared v1.19.31/go.mod h1:I/1+z0VwL1GhQyLgkoHDlygpUZ+iTAwOQ/NsftiUL2I=
github.com/aws/aws-sdk-go-v2/service/iot v1.76.1 h1:ny+03suhWCDSF01qoaSFi9m3BA7aRKg9+vXNnQgH93o=
github.com/aws/aws-sdk-go-v2/service/iot v1.76.1/go.mod h1:BaRnYF1zU4CMN+b4ZQDhovaugNccFyPEH9VJXcwPXpg=
github.com/aws/aws-sdk-go-v2/service/iotdataplane v1.34.1 h1:fQ81mmXNdNK3IJc21wJwxIIj2iqnwuFARyV3RjJ1BBE=
github.com/aws/aws-sdk-go-v2/service/iotdataplane v1.34.1/go.mod h1:tlTA4Q38og9rE2J3pD2rb5pN7tHF4CnTHcgZCHTZWxE=
github.com/aws/aws-sdk-go-v2/service/kinesis v1.45.1 h1:lWaUoH1U9bu7BkeqPl7/rkkDYFDGhbcvIk52nX5Bz+4=
github.com/aws/aws-sdk-go-v2/service/kinesis v1.45.1/go.mod h1:aFYRKIJ6e+fiPVotbsMreEWD10wJUF68crYlSjoGz+E=
github.com/aws/aws-sdk-go-v2/service/kms v1.54.1 h1:aeJAJyvWS3gQ679pJbz8ZdOh3MViD1zvEdoZMVEawbg=
github.com/aws/aws-sdk-go-v2/service/kms v1.54.1/go.mod h1:0RXNc6Yf3AvSMldGD6Lcch96Ojlw2TtGnHsqfD/L4u8=
github.com/aws/aws-sdk-go-v2/service/lambda v1.99.0 h1:F5jW/w63W6/2/rwqhc1QzqiRYXb4PnKuMbrN1CqRrsQ=
github.com/aws/aws-sdk-go-v2/service/lambda v1.99.0/go.mod h1:gKWVtxlMTgoLU9m6FDw7z6FAEFh8u8CoaPJx0zWk5J8=
github.com/aws/aws-sdk-go-v2/service/neptune v1.47.1 h1:XHIgSIpf0/caHJKdTDC6RCCIvviFTsvgQuR1h83ARFI=
github.com/aws/aws-sdk-go-v2/service/neptune v1.47.1/go.mod h1:6CVudUF7F1bPxbZ8aeMBAAJRefkMwVdNDyzWqy4fsfs=
github.com/aws/aws-sdk-go-v2/service/neptunedata v1.19.1 h1:YyKzuDueeazzAYn8i77KDnzFDZ2KDvUGSCmnS6nYYRQ=
github.com/aws/aws-sdk-go-v2/service/neptunedata v1.19.1/go.mod h1:X42YnUS15olUIkw4Oe2ixDmI5lXJEG6J4toqwbs86rE=
github.com/aws/aws-sdk-go-v2/service/neptunegraph v1.23.1 h1:WalNQhZq1v3io+i+YyySyYUlyK2VxoG8wioPjrKxsVg=
github.com/aws/aws-sdk-go-v2/service/neptunegraph v1.23.1/go.mod h1:2RoyXf1kEAVveZpoq4puaCRRk8Uu3K21Tf3SKqFY1M4=
github.com/aws/aws-sdk-go-v2/service/rdsdata v1.34.1 h1:NPmfFH/iabTI/8gWEd37oU8HVxcIwI4yyli14q+sEbY=
github.com/aws/aws-sdk-go-v2/service/rdsdata v1.34.1/go.mod h1:qGkT6N15drkIlTLOWaSR66nVa2c3jRAh5n43UqQmcHU=
github.com/aws/aws-sdk-go-v2/service/route53 v1.64.1 h1:qL5ELChQ1o1ZbzHvsl8gzQfAZdbQtrDbUyzJkjkMKcg=
github.com/aws/aws-sdk-go-v2/service/route53 v1.64.1/go.mod h1:0hIRXFez1bZsDFMGkLZvNJbByTSVZ4sFZWpxZ39NPuM=
github.com/aws/aws-sdk-go-v2/service/s3 v1.105.1 h1:LkBKxAOE5WXjlFuFZqPG1rREnl6I6QCMElcXFDEidos=
github.com/aws/aws-sdk-go-v2/service/s3 v1.105.1/go.mod h1:zdmCoFO/dSI7GlrwsPqFJI+WlFnSU4Tc8TJnlXrM1Do=
github.com/aws/aws-sdk-go-v2/service/scheduler v1.19.1 h1:nitfWWOGjjqpPBGgEfe/cOUMspOWk8+HAnjyZ3LsQPA=
github.com/aws/aws-sdk-go-v2/service/scheduler v1.19.1/go.mod h1:x40w+dIjoZxpTV+G5SPAavT4jY+N0supIZn3y5quci8=
github.com/aws/aws-sdk-go-v2/service/secretsmanager v1.43.1 h1:ZI18/nuaDBwwMJ95paJrb4NT2TbqEvptj/rlMkEO7DI=
github.com/aws/aws-sdk-go-v2/service/secretsmanager v1.43.1/go.mod h1:oUyL28WfxY0RqPhFpkrWZx26Cu4JlyrWMMcWq8qqhi0=
github.com/aws/aws-sdk-go-v2/service/sesv2 v1.63.1 h1:y7vWdd/j0XkakPQ7/vLo46MF9+z7xO6GUizLm76LssM=
github.com/aws/aws-sdk-go-v2/service/sesv2 v1.63.1/go.mod h1:HlQu5hAX7DOaLl8AK1ac10N4PhMhslC7mds020yPKJ8=
github.com/aws/aws-sdk-go-v2/service/sfn v1.44.1 h1:rXEhlljZ+aCIPgUIcQJ/rSLFWZmTLqcXJcJZEQsKb4g=
github.com/aws/aws-sdk-go-v2/service/sfn v1.44.1/go.mod h1:rSGTfHDlX6qAZG6eJ5p81Z1vXTnV65ejnIYW6G2/PHo=
github.com/aws/aws-sdk-go-v2/service/signin v1.4.1 h1:V7ZZ300WPXGjvkyore5DGe0ljVPOxCXie/thWdtSBXE=
github.com/aws/aws-sdk-go-v2/service/signin v1.4.1/go.mod h1:mxC0nT/C8wMMS97DemZPzvUZxvIt+2Iq+eS3JdFZGgg=
github.com/aws/aws-sdk-go-v2/service/sns v1.41.1 h1:Pbr2vI47jjbEIDNsZE3DeBvS8PzgCox9HsHCAsxns88=
github.com/aws/aws-sdk-go-v2/service/sns v1.41.1/go.mod h1:5EnTxMpMVeiY0vcjjN/a958FFaHrS6XfXcyRBzDKDCE=
github.com/aws/aws-sdk-go-v2/service/sqs v1.45.1 h1:J4/Py6AKAWeaLqQnvQ8L9fq3AQsVgpuGCQ7D8rDDMBg=
github.com/aws/aws-sdk-go-v2/service/sqs v1.45.1/go.mod h1:JISE0m3JPVhirZEVIAUyK4C62n87tU4BZmUa9Ozc2to=
github.com/aws/aws-sdk-go-v2/service/ssm v1.72.0 h1:jl+7QcR+PEJVQXK1W5NSXw9EKd+w7Cu4Pwj/WvUIHb0=
github.com/aws/aws-sdk-go-v2/service/ssm v1.72.0/go.mod h1:xabzRvdbMs3FG9kU5M6RUOuCW6wXDkpdIqoXXNzA1nQ=
github.com/aws/aws-sdk-go-v2/service/sso v1.32.1 h1:gYFYh4iLLcAOJRLNPY2aD2g9DIhKn4eof8UkIrr1rTk=
github.com/aws/aws-sdk-go-v2/service/sso v1.32.1/go.mod h1:u8af9Nqkmqnr96f7v9nHqzZT9XBwbXEkTiqT4ROuJSE=
github.com/aws/aws-sdk-go-v2/service/ssooidc v1.37.1 h1:arjT9Cm3/WYbGmD5TUZHk4UQn4Lle1fUNZs5FC6CtF0=
github.com/aws/aws-sdk-go-v2/service/ssooidc v1.37.1/go.mod h1:DMPWJBjYs6+3+f/qhBFEFPPlQ6NlhWjai3dJNvipJ84=
github.com/aws/aws-sdk-go-v2/service/sts v1.44.1 h1:RvfHDg+xvAeZ+5741vUEjpOVtYSIm93W2zhx10Xtydw=
github.com/aws/aws-sdk-go-v2/service/sts v1.44.1/go.mod h1:9gdl4RrflIdpDb2TlXshWgR1F9TeCkvqDx77Vpr4Z/Q=
github.com/aws/aws-sdk-go-v2/service/timestreamquery v1.38.1 h1:/fC/BziyW2SfujF4Cws9e4gBfVRR4iPAUeFWiMxrHDE=
github.com/aws/aws-sdk-go-v2/service/timestreamquery v1.38.1/go.mod h1:Z3TZCzjr8rlQyU5A8nDHqpanPJbbBeJR9+MjPjhk9M8=
github.com/aws/aws-sdk-go-v2/service/timestreamwrite v1.37.1 h1:U2uhUpoQzyJv62rrBK4gdf9PmXY1LO/UhUOwaaNgmyw=
github.com/aws/aws-sdk-go-v2/service/timestreamwrite v1.37.1/go.mod h1:kpAdSe0IIOtpemotx9tqwPKvDZVbOos0DXckU+qKbJU=
github.com/aws/aws-sdk-go-v2/service/wafv2 v1.75.1 h1:+JdPRG2RIFW+I9d97M8ULegZ+RiG5rQvoFuXofKosB4=
github.com/aws/aws-sdk-go-v2/service/wafv2 v1.75.1/go.mod h1:Cuh3JdPDG2hfo+PG8suOaJ6XsEChA7f8fHxUR6+dxFU=
github.com/aws/smithy-go v1.27.8 h1:FR0dxZfIlV7Z8eh2iHfIofdunw382XsDV3Mxt9nUvRY=
github.com/aws/smithy-go v1.27.8/go.mod h1:YE2RhdIuDbA5E5bTdciG9KrW3+TiEONeUWCqxX9i1Fc=
github.com/davecgh/go-spew v1.1.1 h1:vj9j/u1bqnvCEfJOwUhtlOARqs3+rkHYY13jYWTU97c=
github.com/davecgh/go-spew v1.1.1/go.mod h1:J7Y8YcW2NihsgmVo/mv3lAwl/skON4iLHjSsI+c5H38=
github.com/eclipse/paho.golang v0.23.0 h1:KHgl2wz6EJo7cMBmkuhpt7C576vP+kpPv7jjvSyR6Mk=
github.com/eclipse/paho.golang v0.23.0/go.mod h1:nQRhTkoZv8EAiNs5UU0/WdQIx2NrnWUpL9nsGJTQN04=
github.com/golang/protobuf v1.5.4 h1:i7eJL8qZTpSEXOPTxNKhASYpMn+8e5Q6AdndVa1dWek=
github.com/golang/protobuf v1.5.4/go.mod h1:lnTiLA8Wa4RWRcIUkrtSVa5nRhsEGBg48fD6rSs7xps=
github.com/golang/snappy v1.0.0 h1:Oy607GVXHs7RtbggtPBnr2RmDArIsAefDwvrdWvRhGs=
github.com/golang/snappy v1.0.0/go.mod h1:/XxbfmMg8lxefKM7IXC3fBNl/7bRcc72aCRzEWrmP2Q=
github.com/google/go-cmp v0.7.0 h1:wk8382ETsv4JYUZwIsn6YpYiWiBsYLSJiTsyBybVuN8=
github.com/google/go-cmp v0.7.0/go.mod h1:pXiqmnSA92OHEEa9HXL2W4E7lf9JzCmGVUdgjX3N/iU=
github.com/gorilla/websocket v1.5.3 h1:saDtZ6Pbx/0u+bgYQ3q96pZgCzfhKXGPqt7kZ72aNNg=
github.com/gorilla/websocket v1.5.3/go.mod h1:YR8l580nyteQvAITg2hZ9XVh4b55+EU/adAjf1fMHhE=
github.com/pmezard/go-difflib v1.0.0 h1:4DBwDE0NGyQoBHbLQYPwSUPoCMWR5BEzIk/f1lZbAQM=
github.com/pmezard/go-difflib v1.0.0/go.mod h1:iKH77koFhYxTK1pcRnkKkqfTogsbg7gZNVY4sRDYZ/4=
github.com/scritchley/orc v0.0.0-20210513144143-06dddf1ad665 h1:W7Y6ejGhTaW9WlWhTtxE8f+SOa3c1NoFWsU9XT2cUOY=
github.com/scritchley/orc v0.0.0-20210513144143-06dddf1ad665/go.mod h1:U4h1RViHcbDQl9stSaImdd7N3/ZnUkZ2yombj5cSgEY=
github.com/stretchr/testify v1.11.1 h1:7s2iGBzp5EwR7/aIZr8ao5+dra3wiQyKjjFuvgVKu7U=
github.com/stretchr/testify v1.11.1/go.mod h1:wZwfW3scLgRK+23gO65QZefKpKQRnfz6sD981Nm4B6U=
go.uber.org/goleak v1.3.0 h1:2K3zAYmnTNqV73imy9J1T3WC+gmCePx2hEGkimedGto=
go.uber.org/goleak v1.3.0/go.mod h1:CoHD4mav9JJNrW/WLlf7HGZPjdw8EucARQHekz1X6bE=
google.golang.org/protobuf v1.33.0 h1:uNO2rsAINq/JlFpSdYEKIZ0uKD/R9cpdv0T+yoGwGmI=
google.golang.org/protobuf v1.33.0/go.mod h1:c6P6GXX6sHbq/GpV6MGZEdwhWPcYBgnhAHhKbcUYpos=
gopkg.in/yaml.v3 v3.0.1 h1:fxVm/GzAzEWqLHuvctI91KS9hhNmmWOoWu0XTYJS7CA=
gopkg.in/yaml.v3 v3.0.1/go.mod h1:K4uyk7z7BCEPqu6E+C64Yfv1cQ7kz7rIZviUmN+EgEM=
