github.com/aws/aws-sdk-go-v2 v1.41.5 h1:dj5kopbwUsVUVFgO4Fi5BIT3t4WyqIDjGKCangnV/yY=
github.com/aws/aws-sdk-go-v2 v1.41.5/go.mod h1:mwsPRE8ceUUpiTgF7QmQIJ7lgsKUPQOUl3o72QBrE1o=
github.com/aws/aws-sdk-go-v2/aws/protocol/eventstream v1.7.5 h1:zWFmPmgw4sveAYi1mRqG+E/g0461cJ5M4bJ8/nc6d3Q=
github.com/aws/aws-sdk-go-v2/aws/protocol/eventstream v1.7.5/go.mod h1:nVUlMLVV8ycXSb7mSkcNu9e3v/1TJq2RTlrPwhYWr5c=
github.com/aws/aws-sdk-go-v2/config v1.32.13 h1:5KgbxMaS2coSWRrx9TX/QtWbqzgQkOdEa3sZPhBhCSg=
github.com/aws/aws-sdk-go-v2/config v1.32.13/go.mod h1:8zz7wedqtCbw5e9Mi2doEwDyEgHcEE9YOJp6a8jdSMY=
github.com/aws/aws-sdk-go-v2/credentials v1.19.13 h1:mA59E3fokBvyEGHKFdnpNNrvaR351cqiHgRg+JzOSRI=
github.com/aws/aws-sdk-go-v2/credentials v1.19.13/go.mod h1:yoTXOQKea18nrM69wGF9jBdG4WocSZA1h38A+t/MAsk=
github.com/aws/aws-sdk-go-v2/feature/ec2/imds v1.18.21 h1:NUS3K4BTDArQqNu2ih7yeDLaS3bmHD0YndtA6UP884g=
github.com/aws/aws-sdk-go-v2/feature/ec2/imds v1.18.21/go.mod h1:YWNWJQNjKigKY1RHVJCuupeWDrrHjRqHm0N9rdrWzYI=
github.com/aws/aws-sdk-go-v2/internal/configsources v1.4.21 h1:Rgg6wvjjtX8bNHcvi9OnXWwcE0a2vGpbwmtICOsvcf4=
github.com/aws/aws-sdk-go-v2/internal/configsources v1.4.21/go.mod h1:A/kJFst/nm//cyqonihbdpQZwiUhhzpqTsdbhDdRF9c=
github.com/aws/aws-sdk-go-v2/internal/endpoints/v2 v2.7.21 h1:PEgGVtPoB6NTpPrBgqSE5hE/o47Ij9qk/SEZFbUOe9A=
github.com/aws/aws-sdk-go-v2/internal/endpoints/v2 v2.7.21/go.mod h1:p+hz+PRAYlY3zcpJhPwXlLC4C+kqn70WIHwnzAfs6ps=
github.com/aws/aws-sdk-go-v2/internal/ini v1.8.6 h1:qYQ4pzQ2Oz6WpQ8T3HvGHnZydA72MnLuFK9tJwmrbHw=
github.com/aws/aws-sdk-go-v2/internal/ini v1.8.6/go.mod h1:O3h0IK87yXci+kg6flUKzJnWeziQUKciKrLjcatSNcY=
github.com/aws/aws-sdk-go-v2/internal/v4a v1.4.18 h1:eZioDaZGJ0tMM4gzmkNIO2aAoQd+je7Ug7TkvAzlmkU=
github.com/aws/aws-sdk-go-v2/internal/v4a v1.4.18/go.mod h1:CCXwUKAJdoWr6/NcxZ+zsiPr6oH/Q5aTooRGYieAyj4=
github.com/aws/aws-sdk-go-v2/service/acm v1.37.20 h1:lK39/l75lJkopS7WIk8bhGnWstTOfFVYtozVW8uoqlM=
github.com/aws/aws-sdk-go-v2/service/acm v1.37.20/go.mod h1:3iaG4YcV+H0ERcefngFFs+ZpFfUaUY8Q0GA8TmkDtE8=
github.com/aws/aws-sdk-go-v2/service/apigateway v1.38.5 h1:YQq9Nc7b1u4qIwUPQACr59mPCW3Gfb8QwFL7r4PxOP4=
github.com/aws/aws-sdk-go-v2/service/apigateway v1.38.5/go.mod h1:iRxNPQXn19AXRzweQQVRT153qLbmSzW6S6KKQYCYZ5U=
github.com/aws/aws-sdk-go-v2/service/athena v1.57.1 h1:I+YmJvkeAN+r4mUlH2CODoYyAkoP0cQWGItPPkK60hk=
github.com/aws/aws-sdk-go-v2/service/athena v1.57.1/go.mod h1:yZ507NVXolOco9hA2+mKH3ELnLEOZ/4mGqkrp2phNYs=
github.com/aws/aws-sdk-go-v2/service/cloudfront v1.60.1 h1:fwkGr0AyYMq/oxzBrNWVLcmSgSWVyGtFAanNs+ECRes=
github.com/aws/aws-sdk-go-v2/service/cloudfront v1.60.1/go.mod h1:PAegJVxp+CkgKZBZVEaTWBN2bHwH24FLl5sIIHYuzOU=
github.com/aws/aws-sdk-go-v2/service/cloudtrail v1.55.6 h1:I/7eKwGn6VLi+Uj0evnV9ivdck2DG0GFNzhRJtBGt4U=
github.com/aws/aws-sdk-go-v2/service/cloudtrail v1.55.6/go.mod h1:KD0ez/ci26xygH+Cd8KdrAQN0BsTDhLmwnpZH7CzZQY=
github.com/aws/aws-sdk-go-v2/service/cloudwatch v1.55.0 h1:h3AU/3FXAFLwNFnbQCPSnak46FD69QwiD7OpB+afg3I=
github.com/aws/aws-sdk-go-v2/service/cloudwatch v1.55.0/go.mod h1:SRVEOVD920otumvM08MTqzhQ916eYiDNGpHPB1dqxr8=
github.com/aws/aws-sdk-go-v2/service/cloudwatchlogs v1.63.2 h1:9Zc/otv2WzK7gbhXIbDfzV5aWUoaFDV7WHPcpvp4B8o=
github.com/aws/aws-sdk-go-v2/service/cloudwatchlogs v1.63.2/go.mod h1:dvfInk3WN/sz8is2m5iN5EFYQzIXcQLaT2UnauE8uL4=
github.com/aws/aws-sdk-go-v2/service/cognitoidentityprovider v1.59.0 h1:x2/9lEGOqtf0Fa0aqKfJEr5e4dpafyt7ycgZfGFQxcA=
github.com/aws/aws-sdk-go-v2/service/cognitoidentityprovider v1.59.0/go.mod h1:mP260yaWr2aT73knlr44yaQEP52UPbVZppXzVO9k52g=
github.com/aws/aws-sdk-go-v2/service/dynamodb v1.34.3 h1:nEhZKd1JQ4EB1tekcqW1oIVpDC1ZFrjrp/cLC5MXjFQ=
github.com/aws/aws-sdk-go-v2/service/dynamodb v1.34.3/go.mod h1:q9vzW3Xr1KEXa8n4waHiFt1PrppNDlMymlYP+xpsFbY=
github.com/aws/aws-sdk-go-v2/service/eventbridge v1.45.19 h1:A64XEiX3MwysOxI03xWBgvOhSwOfKQKqgxmzaFq2+IQ=
github.com/aws/aws-sdk-go-v2/service/eventbridge v1.45.19/go.mod h1:L7EYxUPr6Sib9z2qtgBOXZhnPzJo0RSvCRsNl3q7r2M=
github.com/aws/aws-sdk-go-v2/service/iam v1.53.3 h1:boKZv8dNdHznhAA68hb/dqFz5pxoWmRAOJr9LtscVCI=
github.com/aws/aws-sdk-go-v2/service/iam v1.53.3/go.mod h1:E0QHh3aEwxYb7xshjvxYDELiOda7KBYJ77e/TvGhpcM=
github.com/aws/aws-sdk-go-v2/service/internal/accept-encoding v1.13.7 h1:5EniKhLZe4xzL7a+fU3C2tfUN4nWIqlLesfrjkuPFTY=
github.com/aws/aws-sdk-go-v2/service/internal/accept-encoding v1.13.7/go.mod h1:x0nZssQ3qZSnIcePWLvcoFisRXJzcTVvYpAAdYX8+GI=
github.com/aws/aws-sdk-go-v2/service/internal/checksum v1.9.10 h1:fJvQ5mIBVfKtiyx0AHY6HeWcRX5LGANLpq8SVR+Uazs=
github.com/aws/aws-sdk-go-v2/service/internal/checksum v1.9.10/go.mod h1:Kzm5e6OmNH8VMkgK9t+ry5jEih4Y8whqs+1hrkxim1I=
github.com/aws/aws-sdk-go-v2/service/internal/endpoint-discovery v1.11.21 h1:FTg+rVAPx1W21jsO57pxDS1ESy9a/JLFoaHeFubflJA=
github.com/aws/aws-sdk-go-v2/service/internal/endpoint-discovery v1.11.21/go.mod h1:92xP4VIS1yO3eF2NPBaHGF4cmyZow8TmFzSaz1nNgzo=
github.com/aws/aws-sdk-go-v2/service/internal/presigned-url v1.13.21 h1:c31//R3xgIJMSC8S6hEVq+38DcvUlgFY0FM6mSI5oto=
github.com/aws/aws-sdk-go-v2/service/internal/presigned-url v1.13.21/go.mod h1:r6+pf23ouCB718FUxaqzZdbpYFyDtehyZcmP5KL9FkA=
github.com/aws/aws-sdk-go-v2/service/internal/s3shared v1.19.18 h1:/A/xDuZAVD2BpsS2fftFRo/NoEKQJ8YTnJDEHBy2Gtg=
github.com/aws/aws-sdk-go-v2/service/internal/s3shared v1.19.18/go.mod h1:hWe9b4f+djUQGmyiGEeOnZv69dtMSgpDRIvNMvuvzvY=
github.com/aws/aws-sdk-go-v2/service/kinesis v1.43.1 h1:rnQBqK+aD4aXVYd8TKvsVyW7I8ftYoCkghx+Oy2SbKM=
github.com/aws/aws-sdk-go-v2/service/kinesis v1.43.1/go.mod h1:umzl/XlRWxeiDQbFMXVFXQZsWMDJE5XLkNnMRTGaOmc=
github.com/aws/aws-sdk-go-v2/service/kms v1.50.1 h1:wb/PYYm3wlcqGzw7Ls4GD3X5+seDDoNdVYIB6I/V87E=
github.com/aws/aws-sdk-go-v2/service/kms v1.50.1/go.mod h1:xvHowJ6J9CuaFE04S8fitWQXytf4sHz3DTPGhw9FtmU=
github.com/aws/aws-sdk-go-v2/service/lambda v1.88.1 h1:9WZiZ+1YXpvqvOi2CszopJJlzvv2h8cpxzPBy/rF+NA=
github.com/aws/aws-sdk-go-v2/service/lambda v1.88.1/go.mod h1:NFUHqj4J37VOyZvFHoMn4FjSBaFsPEHeTaBup0isZWM=
github.com/aws/aws-sdk-go-v2/service/neptune v1.44.3 h1:YlOAIqn5ShfNnplTj17y/4W7sWAdvu3I7b8dF3Ry1cQ=
github.com/aws/aws-sdk-go-v2/service/neptune v1.44.3/go.mod h1:iJQ7qpaNp26sMZvqmSF0zGz0beApcLcWkAerfsoCTrs=
github.com/aws/aws-sdk-go-v2/service/neptunedata v1.17.5 h1:f4w4ycWUZVYsuW/cFcDNOOE/DT+ov988XTV1VRtJ2oI=
github.com/aws/aws-sdk-go-v2/service/neptunedata v1.17.5/go.mod h1:5iqNgWBB8/IbOuSFF0kLw5ZqEWnYOh+S5NedvMRQ8+w=
github.com/aws/aws-sdk-go-v2/service/route53 v1.62.2 h1:zoD/SoiVQi8l8tuQn//VexrXS2yorg/+717JNA4Ble8=
github.com/aws/aws-sdk-go-v2/service/route53 v1.62.2/go.mod h1:Ll1DCasPTBFtHK5t/U5WIwGIyRuY3xY+x8/LmqIlqpM=
github.com/aws/aws-sdk-go-v2/service/s3 v1.96.2 h1:M1A9AjcFwlxTLuf0Faj88L8Iqw0n/AJHjpZTQzMMsSc=
github.com/aws/aws-sdk-go-v2/service/s3 v1.96.2/go.mod h1:KsdTV6Q9WKUZm2mNJnUFmIoXfZux91M3sr/a4REX8e0=
github.com/aws/aws-sdk-go-v2/service/scheduler v1.17.19 h1:Jsz0LdqfucS8YM1E6pbcuURBo+Z1mFWJIfxzCEYDMJA=
github.com/aws/aws-sdk-go-v2/service/scheduler v1.17.19/go.mod h1:LbJJ7RHzglcg4ogjIOMsyuw+GSAYXipEaikJGDkKAxY=
github.com/aws/aws-sdk-go-v2/service/secretsmanager v1.41.2 h1:hezAo5AQM0moD4qitsn8bZuc2WE/MmP+cySGfJWEi1A=
github.com/aws/aws-sdk-go-v2/service/secretsmanager v1.41.2/go.mod h1:7+wvNfdX7NZtxNyVLbbS89gYldQ3H+1nlVRr7J9KQDA=
github.com/aws/aws-sdk-go-v2/service/sesv2 v1.59.2 h1:MJ6IIv3VdXESqoORpAgQJYSWLrY7G1AuT8XBQKWCUq8=
github.com/aws/aws-sdk-go-v2/service/sesv2 v1.59.2/go.mod h1:Qj7f4iKqd4n/UKcuWwlFhd1irk6S3H27r8QpfVItCZc=
github.com/aws/aws-sdk-go-v2/service/sfn v1.40.7 h1:XmPb4MyLtKgqyLjXrfIwbWGUqQhsxXoi4/0SnS28R5k=
github.com/aws/aws-sdk-go-v2/service/sfn v1.40.7/go.mod h1:mKLSqWI79qaZ4brkrRQ+svcN39528nOTcvsakrgmQWU=
github.com/aws/aws-sdk-go-v2/service/signin v1.0.9 h1:QKZH0S178gCmFEgst8hN0mCX1KxLgHBKKY/CLqwP8lg=
github.com/aws/aws-sdk-go-v2/service/signin v1.0.9/go.mod h1:7yuQJoT+OoH8aqIxw9vwF+8KpvLZ8AWmvmUWHsGQZvI=
github.com/aws/aws-sdk-go-v2/service/sns v1.39.12 h1:yVf0R6Mp8iXmy3/yCY97YyHB1VSkxlxK0ywh14tGuuk=
github.com/aws/aws-sdk-go-v2/service/sns v1.39.12/go.mod h1:9pHipxPwPZJcYm1TEU4gBzwcceAREvks2GDGJewm8Lo=
github.com/aws/aws-sdk-go-v2/service/sqs v1.42.22 h1:CVksqT2e8RFAixRTlDqu1nj174Vjb3VqG7wyZEAlYuA=
github.com/aws/aws-sdk-go-v2/service/sqs v1.42.22/go.mod h1:n3/KSi68g5s54U9J1FV4fRz8oK+7ML2RJK+mDu6gGS0=
github.com/aws/aws-sdk-go-v2/service/ssm v1.68.1 h1:kDgdZuYBWSsh3U/jZOXwcqfX6UsSzFcmtgKx7C0c5/E=
github.com/aws/aws-sdk-go-v2/service/ssm v1.68.1/go.mod h1:xyao5chroDlX/9q/rKBxRKZPv9NdG5Pm9W5zS+wQJ84=
github.com/aws/aws-sdk-go-v2/service/sso v1.30.14 h1:GcLE9ba5ehAQma6wlopUesYg/hbcOhFNWTjELkiWkh4=
github.com/aws/aws-sdk-go-v2/service/sso v1.30.14/go.mod h1:WSvS1NLr7JaPunCXqpJnWk1Bjo7IxzZXrZi1QQCkuqM=
github.com/aws/aws-sdk-go-v2/service/ssooidc v1.35.18 h1:mP49nTpfKtpXLt5SLn8Uv8z6W+03jYVoOSAl/c02nog=
github.com/aws/aws-sdk-go-v2/service/ssooidc v1.35.18/go.mod h1:YO8TrYtFdl5w/4vmjL8zaBSsiNp3w0L1FfKVKenZT7w=
github.com/aws/aws-sdk-go-v2/service/sts v1.41.10 h1:p8ogvvLugcR/zLBXTXrTkj0RYBUdErbMnAFFp12Lm/U=
github.com/aws/aws-sdk-go-v2/service/sts v1.41.10/go.mod h1:60dv0eZJfeVXfbT1tFJinbHrDfSJ2GZl4Q//OSSNAVw=
github.com/aws/aws-sdk-go-v2/service/timestreamquery v1.36.14 h1:DLLc1Od1EWGUYJP+jT8eNll31l2IKg7qz2evMb6Q3f8=
github.com/aws/aws-sdk-go-v2/service/timestreamquery v1.36.14/go.mod h1:x2n0G1w40y9bC/kh3D0R7+8TgBpUd1jwLsUErsXRHz0=
github.com/aws/aws-sdk-go-v2/service/timestreamwrite v1.35.17 h1:Wlwn7YHQD3EWt1nQ9vSfeuQWZxI3BjDIRdzNF1rSeJQ=
github.com/aws/aws-sdk-go-v2/service/timestreamwrite v1.35.17/go.mod h1:ENvCiX8Lsds2dgCXynL6PcPgxcdzmsG6BYH0RZ+xPng=
github.com/aws/aws-sdk-go-v2/service/wafv2 v1.71.0 h1:a40qFXnkat946VMeZtI7X3JiqIzBwGZtnpIIFrTuKPk=
github.com/aws/aws-sdk-go-v2/service/wafv2 v1.71.0/go.mod h1:znM+D8YzkWgTxxWPcve6uGaSYQNnSW/caPI+UdzA8lY=
github.com/aws/smithy-go v1.24.2 h1:FzA3bu/nt/vDvmnkg+R8Xl46gmzEDam6mZ1hzmwXFng=
github.com/aws/smithy-go v1.24.2/go.mod h1:YE2RhdIuDbA5E5bTdciG9KrW3+TiEONeUWCqxX9i1Fc=
github.com/davecgh/go-spew v1.1.0 h1:ZDRjVQ15GmhC3fiQ8ni8+OwkZQO4DARzQgrnXU1Liz8=
github.com/davecgh/go-spew v1.1.0/go.mod h1:J7Y8YcW2NihsgmVo/mv3lAwl/skON4iLHjSsI+c5H38=
github.com/jmespath/go-jmespath v0.4.0 h1:BEgLn5cpjn8UN1mAw4NjwDrS35OdebyEtFe+9YPoQUg=
github.com/jmespath/go-jmespath v0.4.0/go.mod h1:T8mJZnbsbmF+m6zOOFylbeCJqk5+pHWvzYPziyZiYoo=
github.com/jmespath/go-jmespath/internal/testify v1.5.1 h1:shLQSRRSCCPj3f2gpwzGwWFoC7ycTf1rcQZHOlsJ6N8=
github.com/jmespath/go-jmespath/internal/testify v1.5.1/go.mod h1:L3OGu8Wl2/fWfCI6z80xFu9LTZmf1ZRjMHUOPmWr69U=
github.com/pmezard/go-difflib v1.0.0 h1:4DBwDE0NGyQoBHbLQYPwSUPoCMWR5BEzIk/f1lZbAQM=
github.com/pmezard/go-difflib v1.0.0/go.mod h1:iKH77koFhYxTK1pcRnkKkqfTogsbg7gZNVY4sRDYZ/4=
github.com/stretchr/objx v0.1.0/go.mod h1:HFkY916IF+rwdDfMAkV7OtwuqBVzrE8GR6GFx+wExME=
gopkg.in/check.v1 v0.0.0-20161208181325-20d25e280405/go.mod h1:Co6ibVJAznAaIkqp8huTwlJQCZ016jof/cbN4VW5Yz0=
gopkg.in/yaml.v2 v2.2.8 h1:obN1ZagJSUGI0Ek/LBmuj4SNLPfIny3KsKFopxRdj10=
gopkg.in/yaml.v2 v2.2.8/go.mod h1:hI93XBmqTisBFMUTm0b8Fm+jr3Dg1NNxqwp+5A1VGuI=
